// !$*UTF8*$!
{
	archiveVersion = 1;
	classes = {
	};
	objectVersion = 46;
	objects = {

/* Begin PBXBuildFile section */
		820A2C3E1C3D864300C12625 /* AppDelegate.swift in Sources */ = {isa = PBXBuildFile; fileRef = 820A2C3D1C3D864300C12625 /* AppDelegate.swift */; };
		820A2C431C3D864300C12625 /* Main.storyboard in Resources */ = {isa = PBXBuildFile; fileRef = 820A2C411C3D864300C12625 /* Main.storyboard */; };
		820A2C451C3D864300C12625 /* Assets.xcassets in Resources */ = {isa = PBXBuildFile; fileRef = 820A2C441C3D864300C12625 /* Assets.xcassets */; };
		820A2C481C3D864300C12625 /* LaunchScreen.storyboard in Resources */ = {isa = PBXBuildFile; fileRef = 820A2C461C3D864300C12625 /* LaunchScreen.storyboard */; };
		820A2C531C3D864300C12625 /* LoadingBoxesSceneKitTests.swift in Sources */ = {isa = PBXBuildFile; fileRef = 820A2C521C3D864300C12625 /* LoadingBoxesSceneKitTests.swift */; };
		820A2C621C3F38C000C12625 /* LoadingBoxes.scn in Resources */ = {isa = PBXBuildFile; fileRef = 820A2C611C3F38C000C12625 /* LoadingBoxes.scn */; };
		82B768F11C404DED00B59BB9 /* SceneKit.framework in Frameworks */ = {isa = PBXBuildFile; fileRef = 82B768F01C404DED00B59BB9 /* SceneKit.framework */; };
/* End PBXBuildFile section */

/* Begin PBXContainerItemProxy section */
		820A2C4F1C3D864300C12625 /* PBXContainerItemProxy */ = {
			isa = PBXContainerItemProxy;
			containerPortal = 820A2C321C3D864300C12625 /* Project object */;
			proxyType = 1;
			remoteGlobalIDString = 820A2C391C3D864300C12625;
			remoteInfo = LoadingBoxesSceneKit;
		};
/* End PBXContainerItemProxy section */

/* Begin PBXFileReference section */
		820A2C3A1C3D864300C12625 /* LoadingBoxesSceneKit.app */ = {isa = PBXFileReference; explicitFileType = wrapper.application; includeInIndex = 0; path = LoadingBoxesSceneKit.app; sourceTree = BUILT_PRODUCTS_DIR; };
		820A2C3D1C3D864300C12625 /* AppDelegate.swift */ = {isa = PBXFileReference; lastKnownFileType = sourcecode.swift; path = AppDelegate.swift; sourceTree = "<group>"; };
		820A2C421C3D864300C12625 /* Base */ = {isa = PBXFileReference; lastKnownFileType = file.storyboard; name = Base; path = Base.lproj/Main.storyboard; sourceTree = "<group>"; };
		820A2C441C3D864300C12625 /* Assets.xcassets */ = {isa = PBXFileReference; lastKnownFileType = folder.assetcatalog; path = Assets.xcassets; sourceTree = "<group>"; };
		820A2C471C3D864300C12625 /* Base */ = {isa = PBXFileReference; lastKnownFileType = file.storyboard; name = Base; path = Base.lproj/LaunchScreen.storyboard; sourceTree = "<group>"; };
		820A2C491C3D864300C12625 /* Info.plist */ = {isa = PBXFileReference; lastKnownFileType = text.plist.xml; path = Info.plist; sourceTree = "<group>"; };
		820A2C4E1C3D864300C12625 /* LoadingBoxesSceneKitTests.xctest */ = {isa = PBXFileReference; explicitFileType = wrapper.cfbundle; includeInIndex = 0; path = LoadingBoxesSceneKitTests.xctest; sourceTree = BUILT_PRODUCTS_DIR; };
		820A2C521C3D864300C12625 /* LoadingBoxesSceneKitTests.swift */ = {isa = PBXFileReference; lastKnownFileType = sourcecode.swift; path = LoadingBoxesSceneKitTests.swift; sourceTree = "<group>"; };
		820A2C541C3D864300C12625 /* Info.plist */ = {isa = PBXFileReference; lastKnownFileType = text.plist.xml; path = Info.plist; sourceTree = "<group>"; };
		820A2C611C3F38C000C12625 /* LoadingBoxes.scn */ = {isa = PBXFileReference; lastKnownFileType = file.bplist; path = LoadingBoxes.scn; sourceTree = "<group>"; };
		82B768F01C404DED00B59BB9 /* SceneKit.framework */ = {isa = PBXFileReference; lastKnownFileType = wrapper.framework; name = SceneKit.framework; path = System/Library/Frameworks/SceneKit.framework; sourceTree = SDKROOT; };
/* End PBXFileReference section */

/* Begin PBXFrameworksBuildPhase section */
		820A2C371C3D864300C12625 /* Frameworks */ = {
			isa = PBXFrameworksBuildPhase;
			buildActionMask = 2147483647;
			files = (
				82B768F11C404DED00B59BB9 /* SceneKit.framework in Frameworks */,
			);
			runOnlyForDeploymentPostprocessing = 0;
		};
		820A2C4B1C3D864300C12625 /* Frameworks */ = {
			isa = PBXFrameworksBuildPhase;
			buildActionMask = 2147483647;
			files = (
			);
			runOnlyForDeploymentPostprocessing = 0;
		};
/* End PBXFrameworksBuildPhase section */

/* Begin PBXGroup section */
		820A2C311C3D864300C12625 = {
			isa = PBXGroup;
			children = (
				820A2C3C1C3D864300C12625 /* LoadingBoxesSceneKit */,
				820A2C511C3D864300C12625 /* LoadingBoxesSceneKitTests */,
				820A2C3B1C3D864300C12625 /* Products */,
			);
			sourceTree = "<group>";
		};
		820A2C3B1C3D864300C12625 /* Products */ = {
			isa = PBXGroup;
			children = (
				820A2C3A1C3D864300C12625 /* LoadingBoxesSceneKit.app */,
				820A2C4E1C3D864300C12625 /* LoadingBoxesSceneKitTests.xctest */,
			);
			name = Products;
			sourceTree = "<group>";
		};
		820A2C3C1C3D864300C12625 /* LoadingBoxesSceneKit */ = {
			isa = PBXGroup;
			children = (
				82B768F01C404DED00B59BB9 /* SceneKit.framework */,
				820A2C3D1C3D864300C12625 /* AppDelegate.swift */,
				820A2C611C3F38C000C12625 /* LoadingBoxes.scn */,
				820A2C411C3D864300C12625 /* Main.storyboard */,
				820A2C441C3D864300C12625 /* Assets.xcassets */,
				820A2C461C3D864300C12625 /* LaunchScreen.storyboard */,
				820A2C491C3D864300C12625 /* Info.plist */,
			);
			path = LoadingBoxesSceneKit;
			sourceTree = "<group>";
		};
		820A2C511C3D864300C12625 /* LoadingBoxesSceneKitTests */ = {
			isa = PBXGroup;
			children = (
				820A2C521C3D864300C12625 /* LoadingBoxesSceneKitTests.swift */,
				820A2C541C3D864300C12625 /* Info.plist */,
			);
			path = LoadingBoxesSceneKitTests;
			sourceTree = "<group>";
		};
/* End PBXGroup section */

/* Begin PBXNativeTarget section */
		820A2C391C3D864300C12625 /* LoadingBoxesSceneKit */ = {
			isa = PBXNativeTarget;
			buildConfigurationList = 820A2C571C3D864300C12625 /* Build configuration list for PBXNativeTarget "LoadingBoxesSceneKit" */;
			buildPhases = (
				820A2C361C3D864300C12625 /* Sources */,
				820A2C371C3D864300C12625 /* Frameworks */,
				820A2C381C3D864300C12625 /* Resources */,
			);
			buildRules = (
			);
			dependencies = (
			);
			name = LoadingBoxesSceneKit;
			productName = LoadingBoxesSceneKit;
			productReference = 820A2C3A1C3D864300C12625 /* LoadingBoxesSceneKit.app */;
			productType = "com.apple.product-type.application";
		};
		820A2C4D1C3D864300C12625 /* LoadingBoxesSceneKitTests */ = {
			isa = PBXNativeTarget;
			buildConfigurationList = 820A2C5A1C3D864300C12625 /* Build configuration list for PBXNativeTarget "LoadingBoxesSceneKitTests" */;
			buildPhases = (
				820A2C4A1C3D864300C12625 /* Sources */,
				820A2C4B1C3D864300C12625 /* Frameworks */,
				820A2C4C1C3D864300C12625 /* Resources */,
			);
			buildRules = (
			);
			dependencies = (
				820A2C501C3D864300C12625 /* PBXTargetDependency */,
			);
			name = LoadingBoxesSceneKitTests;
			productName = LoadingBoxesSceneKitTests;
			productReference = 820A2C4E1C3D864300C12625 /* LoadingBoxesSceneKitTests.xctest */;
			productType = "com.apple.product-type.bundle.unit-test";
		};
/* End PBXNativeTarget section */

/* Begin PBXProject section */
		820A2C321C3D864300C12625 /* Project object */ = {
			isa = PBXProject;
			attributes = {
				LastSwiftUpdateCheck = 0710;
				LastUpgradeCheck = 0710;
				ORGANIZATIONNAME = "Parallel Mobile";
				TargetAttributes = {
					820A2C391C3D864300C12625 = {
						CreatedOnToolsVersion = 7.1.1;
					};
					820A2C4D1C3D864300C12625 = {
						CreatedOnToolsVersion = 7.1.1;
						TestTargetID = 820A2C391C3D864300C12625;
					};
				};
			};
			buildConfigurationList = 820A2C351C3D864300C12625 /* Build configuration list for PBXProject "LoadingBoxesSceneKit" */;
			compatibilityVersion = "Xcode 3.2";
			developmentRegion = English;
			hasScannedForEncodings = 0;
			knownRegions = (
				en,
				Base,
			);
			mainGroup = 820A2C311C3D864300C12625;
			productRefGroup = 820A2C3B1C3D864300C12625 /* Products */;
			projectDirPath = "";
			projectRoot = "";
			targets = (
				820A2C391C3D864300C12625 /* LoadingBoxesSceneKit */,
				820A2C4D1C3D864300C12625 /* LoadingBoxesSceneKitTests */,
			);
		};
/* End PBXProject section */

/* Begin PBXResourcesBuildPhase section */
		820A2C381C3D864300C12625 /* Resources */ = {
			isa = PBXResourcesBuildPhase;
			buildActionMask = 2147483647;
			files = (
				820A2C481C3D864300C12625 /* LaunchScreen.storyboard in Resources */,
				820A2C621C3F38C000C12625 /* LoadingBoxes.scn in Resources */,
				820A2C451C3D864300C12625 /* Assets.xcassets in Resources */,
				820A2C431C3D864300C12625 /* Main.storyboard in Resources */,
			);
			runOnlyForDeploymentPostprocessing = 0;
		};
		820A2C4C1C3D864300C12625 /* Resources */ = {
			isa = PBXResourcesBuildPhase;
			buildActionMask = 2147483647;
			files = (
			);
			runOnlyForDeploymentPostprocessing = 0;
		};
/* End PBXResourcesBuildPhase section */

/* Begin PBXSourcesBuildPhase section */
		820A2C361C3D864300C12625 /* Sources */ = {
			isa = PBXSourcesBuildPhase;
			buildActionMask = 2147483647;
			files = (
				820A2C3E1C3D864300C12625 /* AppDelegate.swift in Sources */,
			);
			runOnlyForDeploymentPostprocessing = 0;
		};
		820A2C4A1C3D864300C12625 /* Sources */ = {
			isa = PBXSourcesBuildPhase;
			buildActionMask = 2147483647;
			files = (
				820A2C531C3D864300C12625 /* LoadingBoxesSceneKitTests.swift in Sources */,
			);
			runOnlyForDeploymentPostprocessing = 0;
		};
/* End PBXSourcesBuildPhase section */

/* Begin PBXTargetDependency section */
		820A2C501C3D864300C12625 /* PBXTargetDependency */ = {
			isa = PBXTargetDependency;
			target = 820A2C391C3D864300C12625 /* LoadingBoxesSceneKit */;
			targetProxy = 820A2C4F1C3D864300C12625 /* PBXContainerItemProxy */;
		};
/* End PBXTargetDependency section */

/* Begin PBXVariantGroup section */
		820A2C411C3D864300C12625 /* Main.storyboard */ = {
			isa = PBXVariantGroup;
			children = (
				820A2C421C3D864300C12625 /* Base */,
			);
			name = Main.storyboard;
			sourceTree = "<group>";
		};
		820A2C461C3D864300C12625 /* LaunchScreen.storyboard */ = {
			isa = PBXVariantGroup;
			children = (
				820A2C471C3D864300C12625 /* Base */,
			);
			name = LaunchScreen.storyboard;
			sourceTree = "<group>";
		};
/* End PBXVariantGroup section */

/* Begin XCBuildConfiguration section */
		820A2C551C3D864300C12625 /* Debug */ = {
			isa = XCBuildConfiguration;
			buildSettings = {
				ALWAYS_SEARCH_USER_PATHS = NO;
				CLANG_CXX_LANGUAGE_STANDARD = "gnu++0x";
				CLANG_CXX_LIBRARY = "libc++";
				CLANG_ENABLE_MODULES = YES;
				CLANG_ENABLE_OBJC_ARC = YES;
				CLANG_WARN_BOOL_CONVERSION = YES;
				CLANG_WARN_CONSTANT_CONVERSION = YES;
				CLANG_WARN_DIRECT_OBJC_ISA_USAGE = YES_ERROR;
				CLANG_WARN_EMPTY_BODY = YES;
				CLANG_WARN_ENUM_CONVERSION = YES;
				CLANG_WARN_INT_CONVERSION = YES;
				CLANG_WARN_OBJC_ROOT_CLASS = YES_ERROR;
				CLANG_WARN_UNREACHABLE_CODE = YES;
				CLANG_WARN__DUPLICATE_METHOD_MATCH = YES;
				"CODE_SIGN_IDENTITY[sdk=iphoneos*]" = "iPhone Developer";
				COPY_PHASE_STRIP = NO;
				DEBUG_INFORMATION_FORMAT = dwarf;
				ENABLE_STRICT_OBJC_MSGSEND = YES;
				ENABLE_TESTABILITY = YES;
				GCC_C_LANGUAGE_STANDARD = gnu99;
				GCC_DYNAMIC_NO_PIC = NO;
				GCC_NO_COMMON_BLOCKS = YES;
				GCC_OPTIMIZATION_LEVEL = 0;
				GCC_PREPROCESSOR_DEFINITIONS = (
					"DEBUG=1",
					"$(inherited)",
				);
				GCC_WARN_64_TO_32_BIT_CONVERSION = YES;
				GCC_WARN_ABOUT_RETURN_TYPE = YES_ERROR;
				GCC_WARN_UNDECLARED_SELECTOR = YES;
				GCC_WARN_UNINITIALIZED_AUTOS = YES_AGGRESSIVE;
				GCC_WARN_UNUSED_FUNCTION = YES;
				GCC_WARN_UNUSED_VARIABLE = YES;
				IPHONEOS_DEPLOYMENT_TARGET = 9.1;
				MTL_ENABLE_DEBUG_INFO = YES;
				ONLY_ACTIVE_ARCH = YES;
				SDKROOT = iphoneos;
				SWIFT_OPTIMIZATION_LEVEL = "-Onone";
				TARGETED_DEVICE_FAMILY = "1,2";
			};
			name = Debug;
		};
		820A2C561C3D864300C12625 /* Release */ = {
			isa = XCBuildConfiguration;
			buildSettings = {
				ALWAYS_SEARCH_USER_PATHS = NO;
				CLANG_CXX_LANGUAGE_STANDARD = "gnu++0x";
				CLANG_CXX_LIBRARY = "libc++";
				CLANG_ENABLE_MODULES = YES;
				CLANG_ENABLE_OBJC_ARC = YES;
				CLANG_WARN_BOOL_CONVERSION = YES;
				CLANG_WARN_CONSTANT_CONVERSION = YES;
				CLANG_WARN_DIRECT_OBJC_ISA_USAGE = YES_ERROR;
				CLANG_WARN_EMPTY_BODY = YES;
				CLANG_WARN_ENUM_CONVERSION = YES;
				CLANG_WARN_INT_CONVERSION = YES;
				CLANG_WARN_OBJC_ROOT_CLASS = YES_ERROR;
				CLANG_WARN_UNREACHABLE_CODE = YES;
				CLANG_WARN__DUPLICATE_METHOD_MATCH = YES;
				"CODE_SIGN_IDENTITY[sdk=iphoneos*]" = "iPhone Developer";
				COPY_PHASE_STRIP = NO;
				DEBUG_INFORMATION_FORMAT = "dwarf-with-dsym";
				ENABLE_NS_ASSERTIONS = NO;
				ENABLE_STRICT_OBJC_MSGSEND = YES;
				GCC_C_LANGUAGE_STANDARD = gnu99;
				GCC_NO_COMMON_BLOCKS = YES;
				GCC_WARN_64_TO_32_BIT_CONVERSION = YES;
				GCC_WARN_ABOUT_RETURN_TYPE = YES_ERROR;
				GCC_WARN_UNDECLARED_SELECTOR = YES;
				GCC_WARN_UNINITIALIZED_AUTOS = YES_AGGRESSIVE;
				GCC_WARN_UNUSED_FUNCTION = YES;
				GCC_WARN_UNUSED_VARIABLE = YES;
				IPHONEOS_DEPLOYMENT_TARGET = 9.1;
				MTL_ENABLE_DEBUG_INFO = NO;
				SDKROOT = iphoneos;
				TARGETED_DEVICE_FAMILY = "1,2";
				VALIDATE_PRODUCT = YES;
			};
			name = Release;
		};
		820A2C581C3D864300C12625 /* Debug */ = {
			isa = XCBuildConfiguration;
			buildSettings = {
				ASSETCATALOG_COMPILER_APPICON_NAME = AppIcon;
				INFOPLIST_FILE = LoadingBoxesSceneKit/Info.plist;
				LD_RUNPATH_SEARCH_PATHS = "$(inherited) @executable_path/Frameworks";
				PRODUCT_BUNDLE_IDENTIFIER = com.parallelmobile.LoadingBoxesSceneKit;
				PRODUCT_NAME = "$(TARGET_NAME)";
			};
			name = Debug;
		};
		820A2C591C3D864300C12625 /* Release */ = {
			isa = XCBuildConfiguration;
			buildSettings = {
				ASSETCATALOG_COMPILER_APPICON_NAME = AppIcon;
				INFOPLIST_FILE = LoadingBoxesSceneKit/Info.plist;
				LD_RUNPATH_SEARCH_PATHS = "$(inherited) @executable_path/Frameworks";
				PRODUCT_BUNDLE_IDENTIFIER = com.parallelmobile.LoadingBoxesSceneKit;
				PRODUCT_NAME = "$(TARGET_NAME)";
			};
			name = Release;
		};
		820A2C5B1C3D864300C12625 /* Debug */ = {
			isa = XCBuildConfiguration;
			buildSettings = {
				BUNDLE_LOADER = "$(TEST_HOST)";
				INFOPLIST_FILE = LoadingBoxesSceneKitTests/Info.plist;
				LD_RUNPATH_SEARCH_PATHS = "$(inherited) @executable_path/Frameworks @loader_path/Frameworks";
				PRODUCT_BUNDLE_IDENTIFIER = com.parallelmobile.LoadingBoxesSceneKitTests;
				PRODUCT_NAME = "$(TARGET_NAME)";
				TEST_HOST = "$(BUILT_PRODUCTS_DIR)/LoadingBoxesSceneKit.app/LoadingBoxesSceneKit";
			};
			name = Debug;
		};
		820A2C5C1C3D864300C12625 /* Release */ = {
			isa = XCBuildConfiguration;
			buildSettings = {
				BUNDLE_LOADER = "$(TEST_HOST)";
				INFOPLIST_FILE = LoadingBoxesSceneKitTests/Info.plist;
				LD_RUNPATH_SEARCH_PATHS = "$(inherited) @executable_path/Frameworks @loader_path/Frameworks";
				PRODUCT_BUNDLE_IDENTIFIER = com.parallelmobile.LoadingBoxesSceneKitTests;
				PRODUCT_NAME = "$(TARGET_NAME)";
				TEST_HOST = "$(BUILT_PRODUCTS_DIR)/LoadingBoxesSceneKit.app/LoadingBoxesSceneKit";
			};
			name = Release;
		};
/* End XCBuildConfiguration section */

/* Begin XCConfigurationList section */
		820A2C351C3D864300C12625 /* Build configuration list for PBXProject "LoadingBoxesSceneKit" */ = {
			isa = XCConfigurationList;
			buildConfigurations = (
				820A2C551C3D864300C12625 /* Debug */,
				820A2C561C3D864300C12625 /* Release */,
			);
			defaultConfigurationIsVisible = 0;
			defaultConfigurationName = Release;
		};
		820A2C571C3D864300C12625 /* Build configuration list for PBXNativeTarget "LoadingBoxesSceneKit" */ = {
			isa = XCConfigurationList;
			buildConfigurations = (
				820A2C581C3D864300C12625 /* Debug */,
				820A2C591C3D864300C12625 /* Release */,
			);
			defaultConfigurationIsVisible = 0;
			defaultConfigurationName = Release;
		};
		820A2C5A1C3D864300C12625 /* Build configuration list for PBXNativeTarget "LoadingBoxesSceneKitTests" */ = {
			isa = XCConfigurationList;
			buildConfigurations = (
				820A2C5B1C3D864300C12625 /* Debug */,
				820A2C5C1C3D864300C12625 /* Release */,
			);
			defaultConfigurationIsVisible = 0;
			defaultConfigurationName = Release;
		};
/* End XCConfigurationList section */
	};
	rootObject = 820A2C321C3D864300C12625 /* Project object */;
}
